
Microsoft Visual Studio Solution File, Format Version 12.00
# Visual Studio Version 17
VisualStudioVersion = 17.3.32901.215
MinimumVisualStudioVersion = 10.0.40219.1
Project("{9092AA53-FB77-4645-B42D-1CCCA6BD08BD}") = "TestVuejsApp", "TestVuejsApp\TestVuejsApp.njsproj", "{4AF3B159-040E-4679-9E75-44C83BDDD5C4}"
EndProject
Project("{9A19103F-16F7-4668-BE54-9A1E7A4F7556}") = "TestMinimalAPIWebApplication", "TestMinimalAPIWebApplication\TestMinimalAPIWebApplication.csproj", "{0CA26C32-8559-431A-AB53-EF3459E001CE}"
EndProject
Project("{9A19103F-16F7-4668-BE54-9A1E7A4F7556}") = "TestMqttPublishConsoleApp", "TestMqttPublishConsoleApp\TestMqttPublishConsoleApp.csproj", "{32975DE1-21DD-4F36-AB82-7FD428B09ED5}"
EndProject
Project("{FAE04EC0-301F-11D3-BF4B-00C04F79EFBC}") = "TestClassLibrary", "TestClassLibrary\TestClassLibrary.csproj", "{1BC5DE87-262D-4DE3-9F7D-B5FB7D268C6C}"
EndProject
Project("{FAE04EC0-301F-11D3-BF4B-00C04F79EFBC}") = "TestConsoleApp", "TestConsoleApp\TestConsoleApp.csproj", "{CA4E52A0-ABCE-43DB-97B1-692914403562}"
EndProject
Project("{9A19103F-16F7-4668-BE54-9A1E7A4F7556}") = "MinimalApi", "MinimalApi\Source\MinimalApi.csproj", "{18163652-DA85-4F83-A1D4-E1344490E806}"
EndProject
Project("{2150E333-8FDC-42A3-9474-1A3956D46DE8}") = "VueWithAspNetApi", "VueWithAspNetApi", "{B3903148-679C-416A-A445-077C32495E2C}"
EndProject
Project("{54A90642-561A-4BB1-A94E-469ADEE60C69}") = "vueproject1", "vueproject1\vueproject1.esproj", "{1D82E5D3-EA03-49C7-8E34-CE959E9ECB5D}"
EndProject
Project("{9A19103F-16F7-4668-BE54-9A1E7A4F7556}") = "WebApplication1", "WebApplication1\WebApplication1.csproj", "{E39BD3A0-E5DA-4D28-983B-652DCF8410F0}"
EndProject
Project("{9A19103F-16F7-4668-BE54-9A1E7A4F7556}") = "TestSqliteWebApplication", "TestSqliteWebApplication\TestSqliteWebApplication.csproj", "{3B28EC7C-F99E-447B-B4C0-8185F23B41E8}"
EndProject
Project("{9A19103F-16F7-4668-BE54-9A1E7A4F7556}") = "TestServiceCollectionConsoleApp", "TestServiceCollectionConsoleApp\TestServiceCollectionConsoleApp.csproj", "{AFC5D493-30AB-467A-BAB9-CA36928E9E0D}"
EndProject
Project("{9A19103F-16F7-4668-BE54-9A1E7A4F7556}") = "TestPostgresqlWebApplication", "TestPostgresqlWebApplication\TestPostgresqlWebApplication.csproj", "{14B8153C-0417-4FD2-B8F6-4FCE5F0C2CE2}"
EndProject
Project("{9A19103F-16F7-4668-BE54-9A1E7A4F7556}") = "TestWorkerService", "TestWorkerService\TestWorkerService.csproj", "{99468652-6019-4B15-B6ED-E8D2A96FD01C}"
EndProject
Project("{9A19103F-16F7-4668-BE54-9A1E7A4F7556}") = "TestMqttDescriptionConsoleApp", "TestMqttDescriptionConsoleApp\TestMqttDescriptionConsoleApp.csproj", "{159C89A7-45AA-48D4-8B7F-7626B1FCF7E5}"
EndProject
Project("{FAE04EC0-301F-11D3-BF4B-00C04F79EFBC}") = "WebMinimalAPIAuthApplication", "WebMinimalAPIAuthApplication\WebMinimalAPIAuthApplication.csproj", "{E997FA9F-A678-47B2-BAD0-EA4AB052EADB}"
EndProject
Global
	GlobalSection(SolutionConfigurationPlatforms) = preSolution
		Debug|Any CPU = Debug|Any CPU
		Debug|x64 = Debug|x64
		Release|Any CPU = Release|Any CPU
		Release|x64 = Release|x64
	EndGlobalSection
	GlobalSection(ProjectConfigurationPlatforms) = postSolution
		{4AF3B159-040E-4679-9E75-44C83BDDD5C4}.Debug|Any CPU.ActiveCfg = Debug|Any CPU
		{4AF3B159-040E-4679-9E75-44C83BDDD5C4}.Debug|Any CPU.Build.0 = Debug|Any CPU
		{4AF3B159-040E-4679-9E75-44C83BDDD5C4}.Debug|x64.ActiveCfg = Debug|Any CPU
		{4AF3B159-040E-4679-9E75-44C83BDDD5C4}.Debug|x64.Build.0 = Debug|Any CPU
		{4AF3B159-040E-4679-9E75-44C83BDDD5C4}.Release|Any CPU.ActiveCfg = Release|Any CPU
		{4AF3B159-040E-4679-9E75-44C83BDDD5C4}.Release|Any CPU.Build.0 = Release|Any CPU
		{4AF3B159-040E-4679-9E75-44C83BDDD5C4}.Release|x64.ActiveCfg = Release|Any CPU
		{4AF3B159-040E-4679-9E75-44C83BDDD5C4}.Release|x64.Build.0 = Release|Any CPU
		{0CA26C32-8559-431A-AB53-EF3459E001CE}.Debug|Any CPU.ActiveCfg = Debug|Any CPU
		{0CA26C32-8559-431A-AB53-EF3459E001CE}.Debug|Any CPU.Build.0 = Debug|Any CPU
		{0CA26C32-8559-431A-AB53-EF3459E001CE}.Debug|x64.ActiveCfg = Debug|Any CPU
		{0CA26C32-8559-431A-AB53-EF3459E001CE}.Debug|x64.Build.0 = Debug|Any CPU
		{0CA26C32-8559-431A-AB53-EF3459E001CE}.Release|Any CPU.ActiveCfg = Release|Any CPU
		{0CA26C32-8559-431A-AB53-EF3459E001CE}.Release|Any CPU.Build.0 = Release|Any CPU
		{0CA26C32-8559-431A-AB53-EF3459E001CE}.Release|x64.ActiveCfg = Release|Any CPU
		{0CA26C32-8559-431A-AB53-EF3459E001CE}.Release|x64.Build.0 = Release|Any CPU
		{32975DE1-21DD-4F36-AB82-7FD428B09ED5}.Debug|Any CPU.ActiveCfg = Debug|Any CPU
		{32975DE1-21DD-4F36-AB82-7FD428B09ED5}.Debug|Any CPU.Build.0 = Debug|Any CPU
		{32975DE1-21DD-4F36-AB82-7FD428B09ED5}.Debug|x64.ActiveCfg = Debug|Any CPU
		{32975DE1-21DD-4F36-AB82-7FD428B09ED5}.Debug|x64.Build.0 = Debug|Any CPU
		{32975DE1-21DD-4F36-AB82-7FD428B09ED5}.Release|Any CPU.ActiveCfg = Release|Any CPU
		{32975DE1-21DD-4F36-AB82-7FD428B09ED5}.Release|Any CPU.Build.0 = Release|Any CPU
		{32975DE1-21DD-4F36-AB82-7FD428B09ED5}.Release|x64.ActiveCfg = Release|Any CPU
		{32975DE1-21DD-4F36-AB82-7FD428B09ED5}.Release|x64.Build.0 = Release|Any CPU
		{1BC5DE87-262D-4DE3-9F7D-B5FB7D268C6C}.Debug|Any CPU.ActiveCfg = Debug|Any CPU
		{1BC5DE87-262D-4DE3-9F7D-B5FB7D268C6C}.Debug|Any CPU.Build.0 = Debug|Any CPU
		{1BC5DE87-262D-4DE3-9F7D-B5FB7D268C6C}.Debug|x64.ActiveCfg = Debug|Any CPU
		{1BC5DE87-262D-4DE3-9F7D-B5FB7D268C6C}.Debug|x64.Build.0 = Debug|Any CPU
		{1BC5DE87-262D-4DE3-9F7D-B5FB7D268C6C}.Release|Any CPU.ActiveCfg = Release|Any CPU
		{1BC5DE87-262D-4DE3-9F7D-B5FB7D268C6C}.Release|Any CPU.Build.0 = Release|Any CPU
		{1BC5DE87-262D-4DE3-9F7D-B5FB7D268C6C}.Release|x64.ActiveCfg = Release|Any CPU
		{1BC5DE87-262D-4DE3-9F7D-B5FB7D268C6C}.Release|x64.Build.0 = Release|Any CPU
		{CA4E52A0-ABCE-43DB-97B1-692914403562}.Debug|Any CPU.ActiveCfg = Debug|Any CPU
		{CA4E52A0-ABCE-43DB-97B1-692914403562}.Debug|Any CPU.Build.0 = Debug|Any CPU
		{CA4E52A0-ABCE-43DB-97B1-692914403562}.Debug|x64.ActiveCfg = Debug|Any CPU
		{CA4E52A0-ABCE-43DB-97B1-692914403562}.Debug|x64.Build.0 = Debug|Any CPU
		{CA4E52A0-ABCE-43DB-97B1-692914403562}.Release|Any CPU.ActiveCfg = Release|Any CPU
		{CA4E52A0-ABCE-43DB-97B1-692914403562}.Release|Any CPU.Build.0 = Release|Any CPU
		{CA4E52A0-ABCE-43DB-97B1-692914403562}.Release|x64.ActiveCfg = Release|Any CPU
		{CA4E52A0-ABCE-43DB-97B1-692914403562}.Release|x64.Build.0 = Release|Any CPU
		{18163652-DA85-4F83-A1D4-E1344490E806}.Debug|Any CPU.ActiveCfg = Debug|Any CPU
		{18163652-DA85-4F83-A1D4-E1344490E806}.Debug|Any CPU.Build.0 = Debug|Any CPU
		{18163652-DA85-4F83-A1D4-E1344490E806}.Debug|x64.ActiveCfg = Debug|Any CPU
		{18163652-DA85-4F83-A1D4-E1344490E806}.Debug|x64.Build.0 = Debug|Any CPU
		{18163652-DA85-4F83-A1D4-E1344490E806}.Release|Any CPU.ActiveCfg = Release|Any CPU
		{18163652-DA85-4F83-A1D4-E1344490E806}.Release|Any CPU.Build.0 = Release|Any CPU
		{18163652-DA85-4F83-A1D4-E1344490E806}.Release|x64.ActiveCfg = Release|Any CPU
		{18163652-DA85-4F83-A1D4-E1344490E806}.Release|x64.Build.0 = Release|Any CPU
		{1D82E5D3-EA03-49C7-8E34-CE959E9ECB5D}.Debug|Any CPU.ActiveCfg = Debug|Any CPU
		{1D82E5D3-EA03-49C7-8E34-CE959E9ECB5D}.Debug|Any CPU.Build.0 = Debug|Any CPU
		{1D82E5D3-EA03-49C7-8E34-CE959E9ECB5D}.Debug|Any CPU.Deploy.0 = Debug|Any CPU
		{1D82E5D3-EA03-49C7-8E34-CE959E9ECB5D}.Debug|x64.ActiveCfg = Debug|Any CPU
		{1D82E5D3-EA03-49C7-8E34-CE959E9ECB5D}.Debug|x64.Build.0 = Debug|Any CPU
		{1D82E5D3-EA03-49C7-8E34-CE959E9ECB5D}.Debug|x64.Deploy.0 = Debug|Any CPU
		{1D82E5D3-EA03-49C7-8E34-CE959E9ECB5D}.Release|Any CPU.ActiveCfg = Release|Any CPU
		{1D82E5D3-EA03-49C7-8E34-CE959E9ECB5D}.Release|Any CPU.Build.0 = Release|Any CPU
		{1D82E5D3-EA03-49C7-8E34-CE959E9ECB5D}.Release|Any CPU.Deploy.0 = Release|Any CPU
		{1D82E5D3-EA03-49C7-8E34-CE959E9ECB5D}.Release|x64.ActiveCfg = Release|Any CPU
		{1D82E5D3-EA03-49C7-8E34-CE959E9ECB5D}.Release|x64.Build.0 = Release|Any CPU
		{1D82E5D3-EA03-49C7-8E34-CE959E9ECB5D}.Release|x64.Deploy.0 = Release|Any CPU
		{E39BD3A0-E5DA-4D28-983B-652DCF8410F0}.Debug|Any CPU.ActiveCfg = Debug|Any CPU
		{E39BD3A0-E5DA-4D28-983B-652DCF8410F0}.Debug|Any CPU.Build.0 = Debug|Any CPU
		{E39BD3A0-E5DA-4D28-983B-652DCF8410F0}.Debug|x64.ActiveCfg = Debug|Any CPU
		{E39BD3A0-E5DA-4D28-983B-652DCF8410F0}.Debug|x64.Build.0 = Debug|Any CPU
		{E39BD3A0-E5DA-4D28-983B-652DCF8410F0}.Release|Any CPU.ActiveCfg = Release|Any CPU
		{E39BD3A0-E5DA-4D28-983B-652DCF8410F0}.Release|Any CPU.Build.0 = Release|Any CPU
		{E39BD3A0-E5DA-4D28-983B-652DCF8410F0}.Release|x64.ActiveCfg = Release|Any CPU
		{E39BD3A0-E5DA-4D28-983B-652DCF8410F0}.Release|x64.Build.0 = Release|Any CPU
		{3B28EC7C-F99E-447B-B4C0-8185F23B41E8}.Debug|Any CPU.ActiveCfg = Debug|Any CPU
		{3B28EC7C-F99E-447B-B4C0-8185F23B41E8}.Debug|Any CPU.Build.0 = Debug|Any CPU
		{3B28EC7C-F99E-447B-B4C0-8185F23B41E8}.Debug|x64.ActiveCfg = Debug|Any CPU
		{3B28EC7C-F99E-447B-B4C0-8185F23B41E8}.Debug|x64.Build.0 = Debug|Any CPU
		{3B28EC7C-F99E-447B-B4C0-8185F23B41E8}.Release|Any CPU.ActiveCfg = Release|Any CPU
		{3B28EC7C-F99E-447B-B4C0-8185F23B41E8}.Release|Any CPU.Build.0 = Release|Any CPU
		{3B28EC7C-F99E-447B-B4C0-8185F23B41E8}.Release|x64.ActiveCfg = Release|Any CPU
		{3B28EC7C-F99E-447B-B4C0-8185F23B41E8}.Release|x64.Build.0 = Release|Any CPU
		{AFC5D493-30AB-467A-BAB9-CA36928E9E0D}.Debug|Any CPU.ActiveCfg = Debug|Any CPU
		{AFC5D493-30AB-467A-BAB9-CA36928E9E0D}.Debug|Any CPU.Build.0 = Debug|Any CPU
		{AFC5D493-30AB-467A-BAB9-CA36928E9E0D}.Debug|x64.ActiveCfg = Debug|Any CPU
		{AFC5D493-30AB-467A-BAB9-CA36928E9E0D}.Debug|x64.Build.0 = Debug|Any CPU
		{AFC5D493-30AB-467A-BAB9-CA36928E9E0D}.Release|Any CPU.ActiveCfg = Release|Any CPU
		{AFC5D493-30AB-467A-BAB9-CA36928E9E0D}.Release|Any CPU.Build.0 = Release|Any CPU
		{AFC5D493-30AB-467A-BAB9-CA36928E9E0D}.Release|x64.ActiveCfg = Release|Any CPU
		{AFC5D493-30AB-467A-BAB9-CA36928E9E0D}.Release|x64.Build.0 = Release|Any CPU
		{14B8153C-0417-4FD2-B8F6-4FCE5F0C2CE2}.Debug|Any CPU.ActiveCfg = Debug|Any CPU
		{14B8153C-0417-4FD2-B8F6-4FCE5F0C2CE2}.Debug|Any CPU.Build.0 = Debug|Any CPU
		{14B8153C-0417-4FD2-B8F6-4FCE5F0C2CE2}.Debug|x64.ActiveCfg = Debug|Any CPU
		{14B8153C-0417-4FD2-B8F6-4FCE5F0C2CE2}.Debug|x64.Build.0 = Debug|Any CPU
		{14B8153C-0417-4FD2-B8F6-4FCE5F0C2CE2}.Release|Any CPU.ActiveCfg = Release|Any CPU
		{14B8153C-0417-4FD2-B8F6-4FCE5F0C2CE2}.Release|Any CPU.Build.0 = Release|Any CPU
		{14B8153C-0417-4FD2-B8F6-4FCE5F0C2CE2}.Release|x64.ActiveCfg = Release|Any CPU
		{14B8153C-0417-4FD2-B8F6-4FCE5F0C2CE2}.Release|x64.Build.0 = Release|Any CPU
		{99468652-6019-4B15-B6ED-E8D2A96FD01C}.Debug|Any CPU.ActiveCfg = Debug|Any CPU
		{99468652-6019-4B15-B6ED-E8D2A96FD01C}.Debug|Any CPU.Build.0 = Debug|Any CPU
		{99468652-6019-4B15-B6ED-E8D2A96FD01C}.Debug|x64.ActiveCfg = Debug|Any CPU
		{99468652-6019-4B15-B6ED-E8D2A96FD01C}.Debug|x64.Build.0 = Debug|Any CPU
		{99468652-6019-4B15-B6ED-E8D2A96FD01C}.Release|Any CPU.ActiveCfg = Release|Any CPU
		{99468652-6019-4B15-B6ED-E8D2A96FD01C}.Release|Any CPU.Build.0 = Release|Any CPU
		{99468652-6019-4B15-B6ED-E8D2A96FD01C}.Release|x64.ActiveCfg = Release|Any CPU
		{99468652-6019-4B15-B6ED-E8D2A96FD01C}.Release|x64.Build.0 = Release|Any CPU
		{159C89A7-45AA-48D4-8B7F-7626B1FCF7E5}.Debug|Any CPU.ActiveCfg = Debug|Any CPU
		{159C89A7-45AA-48D4-8B7F-7626B1FCF7E5}.Debug|Any CPU.Build.0 = Debug|Any CPU
		{159C89A7-45AA-48D4-8B7F-7626B1FCF7E5}.Debug|x64.ActiveCfg = Debug|Any CPU
		{159C89A7-45AA-48D4-8B7F-7626B1FCF7E5}.Debug|x64.Build.0 = Debug|Any CPU
		{159C89A7-45AA-48D4-8B7F-7626B1FCF7E5}.Release|Any CPU.ActiveCfg = Release|Any CPU
		{159C89A7-45AA-48D4-8B7F-7626B1FCF7E5}.Release|Any CPU.Build.0 = Release|Any CPU
		{159C89A7-45AA-48D4-8B7F-7626B1FCF7E5}.Release|x64.ActiveCfg = Release|Any CPU
		{159C89A7-45AA-48D4-8B7F-7626B1FCF7E5}.Release|x64.Build.0 = Release|Any CPU
		{E997FA9F-A678-47B2-BAD0-EA4AB052EADB}.Debug|Any CPU.ActiveCfg = Debug|Any CPU
		{E997FA9F-A678-47B2-BAD0-EA4AB052EADB}.Debug|Any CPU.Build.0 = Debug|Any CPU
		{E997FA9F-A678-47B2-BAD0-EA4AB052EADB}.Debug|x64.ActiveCfg = Debug|Any CPU
		{E997FA9F-A678-47B2-BAD0-EA4AB052EADB}.Debug|x64.Build.0 = Debug|Any CPU
		{E997FA9F-A678-47B2-BAD0-EA4AB052EADB}.Release|Any CPU.ActiveCfg = Release|Any CPU
		{E997FA9F-A678-47B2-BAD0-EA4AB052EADB}.Release|Any CPU.Build.0 = Release|Any CPU
		{E997FA9F-A678-47B2-BAD0-EA4AB052EADB}.Release|x64.ActiveCfg = Release|Any CPU
		{E997FA9F-A678-47B2-BAD0-EA4AB052EADB}.Release|x64.Build.0 = Release|Any CPU
	EndGlobalSection
	GlobalSection(SolutionProperties) = preSolution
		HideSolutionNode = FALSE
	EndGlobalSection
	GlobalSection(NestedProjects) = preSolution
		{1D82E5D3-EA03-49C7-8E34-CE959E9ECB5D} = {B3903148-679C-416A-A445-077C32495E2C}
		{E39BD3A0-E5DA-4D28-983B-652DCF8410F0} = {B3903148-679C-416A-A445-077C32495E2C}
	EndGlobalSection
	GlobalSection(ExtensibilityGlobals) = postSolution
		SolutionGuid = {71661EBD-9316-40F3-9F39-37FA8D41B287}
	EndGlobalSection
EndGlobal
